
Microsoft Visual Studio Solution File, Format Version 12.00
# Visual Studio Version 17
VisualStudioVersion = 17.14.36121.58 d17.14
MinimumVisualStudioVersion = 10.0.40219.1
Project("{FAE04EC0-301F-11D3-BF4B-00C04F79EFBC}") = "ReactServer", "ReactServer\ReactServer.csproj", "{500DC519-D54C-418E-A68E-94E8F4EAADA6}"
EndProject
Global
	GlobalSection(SolutionConfigurationPlatforms) = preSolution
		Debug|Any CPU = Debug|Any CPU
		Release|Any CPU = Release|Any CPU
	EndGlobalSection
	GlobalSection(ProjectConfigurationPlatforms) = postSolution
		{500DC519-D54C-418E-A68E-94E8F4EAADA6}.Debug|Any CPU.ActiveCfg = Debug|Any CPU
		{500DC519-D54C-418E-A68E-94E8F4EAADA6}.Debug|Any CPU.Build.0 = Debug|Any CPU
		{500DC519-D54C-418E-A68E-94E8F4EAADA6}.Release|Any CPU.ActiveCfg = Release|Any CPU
		{500DC519-D54C-418E-A68E-94E8F4EAADA6}.Release|Any CPU.Build.0 = Release|Any CPU
	EndGlobalSection
	GlobalSection(SolutionProperties) = preSolution
		HideSolutionNode = FALSE
	EndGlobalSection
	GlobalSection(ExtensibilityGlobals) = postSolution
		SolutionGuid = {BB131517-520D-44DE-9115-B8E7CB25A43E}
	EndGlobalSection
EndGlobal
